// !$*UTF8*$!
{
	archiveVersion = 1;
	classes = {
	};
	objectVersion = 50;
	objects = {

/* Begin PBXBuildFile section */
		38153BE824FED85000908A5D /* CeremonyViewController.swift in Sources */ = {isa = PBXBuildFile; fileRef = 38153BE724FED85000908A5D /* CeremonyViewController.swift */; };
		383FDF3025175FA7008960FC /* SHSFViewController.swift in Sources */ = {isa = PBXBuildFile; fileRef = 383FDF2F25175FA7008960FC /* SHSFViewController.swift */; };
		383FDF322517A0BB008960FC /* AddingQuotes.swift in Sources */ = {isa = PBXBuildFile; fileRef = 383FDF312517A0BB008960FC /* AddingQuotes.swift */; };
		385022792500B19A00A379E8 /* CeremonyPrayerViewController.swift in Sources */ = {isa = PBXBuildFile; fileRef = 385022782500B19A00A379E8 /* CeremonyPrayerViewController.swift */; };
		388B1C732517324100A290B0 /* Quote+CoreDataClass.swift in Sources */ = {isa = PBXBuildFile; fileRef = 388B1C712517324100A290B0 /* Quote+CoreDataClass.swift */; };
		388B1C742517324100A290B0 /* Quote+CoreDataProperties.swift in Sources */ = {isa = PBXBuildFile; fileRef = 388B1C722517324100A290B0 /* Quote+CoreDataProperties.swift */; };
		388FC42224FEC0AF00DFBFCE /* AppDelegate.swift in Sources */ = {isa = PBXBuildFile; fileRef = 388FC42124FEC0AF00DFBFCE /* AppDelegate.swift */; };
		388FC42424FEC0AF00DFBFCE /* SceneDelegate.swift in Sources */ = {isa = PBXBuildFile; fileRef = 388FC42324FEC0AF00DFBFCE /* SceneDelegate.swift */; };
		388FC42924FEC0AF00DFBFCE /* Main.storyboard in Resources */ = {isa = PBXBuildFile; fileRef = 388FC42724FEC0AF00DFBFCE /* Main.storyboard */; };
		388FC42B24FEC0B000DFBFCE /* Assets.xcassets in Resources */ = {isa = PBXBuildFile; fileRef = 388FC42A24FEC0B000DFBFCE /* Assets.xcassets */; };
		388FC42E24FEC0B000DFBFCE /* LaunchScreen.storyboard in Resources */ = {isa = PBXBuildFile; fileRef = 388FC42C24FEC0B000DFBFCE /* LaunchScreen.storyboard */; };
		388FC43C24FECD6900DFBFCE /* TodayViewController.swift in Sources */ = {isa = PBXBuildFile; fileRef = 388FC43B24FECD6900DFBFCE /* TodayViewController.swift */; };
		388FC44224FECDAD00DFBFCE /* AdditionalViewController.swift in Sources */ = {isa = PBXBuildFile; fileRef = 388FC44124FECDAD00DFBFCE /* AdditionalViewController.swift */; };
		388FC44424FECE7800DFBFCE /* Today.swift in Sources */ = {isa = PBXBuildFile; fileRef = 388FC44324FECE7800DFBFCE /* Today.swift */; };
		388FC44A24FECEA800DFBFCE /* Additional.swift in Sources */ = {isa = PBXBuildFile; fileRef = 388FC44924FECEA800DFBFCE /* Additional.swift */; };
		38AB7A962514D62A00A480CE /* NightCeremonySettingViewController.swift in Sources */ = {isa = PBXBuildFile; fileRef = 38AB7A952514D62A00A480CE /* NightCeremonySettingViewController.swift */; };
		38AB7A982514D63B00A480CE /* MorningCeremonySettingViewController.swift in Sources */ = {isa = PBXBuildFile; fileRef = 38AB7A972514D63B00A480CE /* MorningCeremonySettingViewController.swift */; };
		38AB7A9A2514E58700A480CE /* AddingQuoteViewController.swift in Sources */ = {isa = PBXBuildFile; fileRef = 38AB7A992514E58700A480CE /* AddingQuoteViewController.swift */; };
		38CF94A92507973B00DBA117 /* GoalsTableViewController.swift in Sources */ = {isa = PBXBuildFile; fileRef = 38CF94A82507973B00DBA117 /* GoalsTableViewController.swift */; };
		38CF94AB2507C1B300DBA117 /* BucketListViewController.swift in Sources */ = {isa = PBXBuildFile; fileRef = 38CF94AA2507C1B300DBA117 /* BucketListViewController.swift */; };
		38CF94AE2508525900DBA117 /* Model.xcdatamodeld in Sources */ = {isa = PBXBuildFile; fileRef = 38CF94AC2508525900DBA117 /* Model.xcdatamodeld */; };
		38CF94E52509C55000DBA117 /* AbstractGoals+CoreDataClass.swift in Sources */ = {isa = PBXBuildFile; fileRef = 38CF94DF2509C55000DBA117 /* AbstractGoals+CoreDataClass.swift */; };
		38CF94E62509C55000DBA117 /* AbstractGoals+CoreDataProperties.swift in Sources */ = {isa = PBXBuildFile; fileRef = 38CF94E02509C55000DBA117 /* AbstractGoals+CoreDataProperties.swift */; };
		38CF94E72509C55000DBA117 /* ObjectiveGoals+CoreDataClass.swift in Sources */ = {isa = PBXBuildFile; fileRef = 38CF94E12509C55000DBA117 /* ObjectiveGoals+CoreDataClass.swift */; };
		38CF94E82509C55000DBA117 /* ObjectiveGoals+CoreDataProperties.swift in Sources */ = {isa = PBXBuildFile; fileRef = 38CF94E22509C55000DBA117 /* ObjectiveGoals+CoreDataProperties.swift */; };
		38CF94E92509C55000DBA117 /* Goals+CoreDataClass.swift in Sources */ = {isa = PBXBuildFile; fileRef = 38CF94E32509C55000DBA117 /* Goals+CoreDataClass.swift */; };
		38CF94EA2509C55000DBA117 /* Goals+CoreDataProperties.swift in Sources */ = {isa = PBXBuildFile; fileRef = 38CF94E42509C55000DBA117 /* Goals+CoreDataProperties.swift */; };
		38CF94F02509C82D00DBA117 /* addingGoalsViewController.swift in Sources */ = {isa = PBXBuildFile; fileRef = 38CF94EF2509C82D00DBA117 /* addingGoalsViewController.swift */; };
		38CF94F22509C85D00DBA117 /* addingAbstractGoalsViewController.swift in Sources */ = {isa = PBXBuildFile; fileRef = 38CF94F12509C85D00DBA117 /* addingAbstractGoalsViewController.swift */; };
		38CF94F42509C86C00DBA117 /* addingObjectiveGoalsViewController.swift in Sources */ = {isa = PBXBuildFile; fileRef = 38CF94F32509C86C00DBA117 /* addingObjectiveGoalsViewController.swift */; };
		38CF94F62509C8EA00DBA117 /* AbstractGoalsTableTableViewController.swift in Sources */ = {isa = PBXBuildFile; fileRef = 38CF94F52509C8EA00DBA117 /* AbstractGoalsTableTableViewController.swift */; };
		38CF94F82509C8FC00DBA117 /* ObjectiveGoalsTableViewController.swift in Sources */ = {isa = PBXBuildFile; fileRef = 38CF94F72509C8FC00DBA117 /* ObjectiveGoalsTableViewController.swift */; };
		38CF94FB250A1C4000DBA117 /* BucketList+CoreDataClass.swift in Sources */ = {isa = PBXBuildFile; fileRef = 38CF94F9250A1C4000DBA117 /* BucketList+CoreDataClass.swift */; };
		38CF94FC250A1C4000DBA117 /* BucketList+CoreDataProperties.swift in Sources */ = {isa = PBXBuildFile; fileRef = 38CF94FA250A1C4000DBA117 /* BucketList+CoreDataProperties.swift */; };
		38F816B924FF2E5D009BA342 /* notes.strings in Resources */ = {isa = PBXBuildFile; fileRef = 38F816B824FF2E5D009BA342 /* notes.strings */; };
/* End PBXBuildFile section */

/* Begin PBXFileReference section */
		38153BE724FED85000908A5D /* CeremonyViewController.swift */ = {isa = PBXFileReference; lastKnownFileType = sourcecode.swift; path = CeremonyViewController.swift; sourceTree = "<group>"; };
		383FDF2F25175FA7008960FC /* SHSFViewController.swift */ = {isa = PBXFileReference; lastKnownFileType = sourcecode.swift; path = SHSFViewController.swift; sourceTree = "<group>"; };
		383FDF312517A0BB008960FC /* AddingQuotes.swift */ = {isa = PBXFileReference; fileEncoding = 4; lastKnownFileType = sourcecode.swift; path = AddingQuotes.swift; sourceTree = "<group>"; };
		385022782500B19A00A379E8 /* CeremonyPrayerViewController.swift */ = {isa = PBXFileReference; lastKnownFileType = sourcecode.swift; path = CeremonyPrayerViewController.swift; sourceTree = "<group>"; };
		388B1C712517324100A290B0 /* Quote+CoreDataClass.swift */ = {isa = PBXFileReference; lastKnownFileType = sourcecode.swift; path = "Quote+CoreDataClass.swift"; sourceTree = "<group>"; };
		388B1C722517324100A290B0 /* Quote+CoreDataProperties.swift */ = {isa = PBXFileReference; lastKnownFileType = sourcecode.swift; path = "Quote+CoreDataProperties.swift"; sourceTree = "<group>"; };
		388FC41E24FEC0AF00DFBFCE /* MJ23.app */ = {isa = PBXFileReference; explicitFileType = wrapper.application; includeInIndex = 0; path = MJ23.app; sourceTree = BUILT_PRODUCTS_DIR; };
		388FC42124FEC0AF00DFBFCE /* AppDelegate.swift */ = {isa = PBXFileReference; lastKnownFileType = sourcecode.swift; path = AppDelegate.swift; sourceTree = "<group>"; };
		388FC42324FEC0AF00DFBFCE /* SceneDelegate.swift */ = {isa = PBXFileReference; lastKnownFileType = sourcecode.swift; path = SceneDelegate.swift; sourceTree = "<group>"; };
		388FC42824FEC0AF00DFBFCE /* Base */ = {isa = PBXFileReference; lastKnownFileType = file.storyboard; name = Base; path = Base.lproj/Main.storyboard; sourceTree = "<group>"; };
		388FC42A24FEC0B000DFBFCE /* Assets.xcassets */ = {isa = PBXFileReference; lastKnownFileType = folder.assetcatalog; path = Assets.xcassets; sourceTree = "<group>"; };
		388FC42D24FEC0B000DFBFCE /* Base */ = {isa = PBXFileReference; lastKnownFileType = file.storyboard; name = Base; path = Base.lproj/LaunchScreen.storyboard; sourceTree = "<group>"; };
		388FC42F24FEC0B000DFBFCE /* Info.plist */ = {isa = PBXFileReference; lastKnownFileType = text.plist.xml; path = Info.plist; sourceTree = "<group>"; };
		388FC43B24FECD6900DFBFCE /* TodayViewController.swift */ = {isa = PBXFileReference; lastKnownFileType = sourcecode.swift; path = TodayViewController.swift; sourceTree = "<group>"; };
		388FC44124FECDAD00DFBFCE /* AdditionalViewController.swift */ = {isa = PBXFileReference; lastKnownFileType = sourcecode.swift; path = AdditionalViewController.swift; sourceTree = "<group>"; };
		388FC44324FECE7800DFBFCE /* Today.swift */ = {isa = PBXFileReference; lastKnownFileType = sourcecode.swift; path = Today.swift; sourceTree = "<group>"; };
		388FC44924FECEA800DFBFCE /* Additional.swift */ = {isa = PBXFileReference; lastKnownFileType = sourcecode.swift; path = Additional.swift; sourceTree = "<group>"; };
		38AB7A952514D62A00A480CE /* NightCeremonySettingViewController.swift */ = {isa = PBXFileReference; lastKnownFileType = sourcecode.swift; path = NightCeremonySettingViewController.swift; sourceTree = "<group>"; };
		38AB7A972514D63B00A480CE /* MorningCeremonySettingViewController.swift */ = {isa = PBXFileReference; lastKnownFileType = sourcecode.swift; path = MorningCeremonySettingViewController.swift; sourceTree = "<group>"; };
		38AB7A992514E58700A480CE /* AddingQuoteViewController.swift */ = {isa = PBXFileReference; lastKnownFileType = sourcecode.swift; path = AddingQuoteViewController.swift; sourceTree = "<group>"; };
		38CF94A82507973B00DBA117 /* GoalsTableViewController.swift */ = {isa = PBXFileReference; lastKnownFileType = sourcecode.swift; path = GoalsTableViewController.swift; sourceTree = "<group>"; };
		38CF94AA2507C1B300DBA117 /* BucketListViewController.swift */ = {isa = PBXFileReference; lastKnownFileType = sourcecode.swift; path = BucketListViewController.swift; sourceTree = "<group>"; };
		38CF94AD2508525900DBA117 /* Model.xcdatamodel */ = {isa = PBXFileReference; lastKnownFileType = wrapper.xcdatamodel; path = Model.xcdatamodel; sourceTree = "<group>"; };
		38CF94DF2509C55000DBA117 /* AbstractGoals+CoreDataClass.swift */ = {isa = PBXFileReference; lastKnownFileType = sourcecode.swift; path = "AbstractGoals+CoreDataClass.swift"; sourceTree = "<group>"; };
		38CF94E02509C55000DBA117 /* AbstractGoals+CoreDataProperties.swift */ = {isa = PBXFileReference; lastKnownFileType = sourcecode.swift; path = "AbstractGoals+CoreDataProperties.swift"; sourceTree = "<group>"; };
		38CF94E12509C55000DBA117 /* ObjectiveGoals+CoreDataClass.swift */ = {isa = PBXFileReference; lastKnownFileType = sourcecode.swift; path = "ObjectiveGoals+CoreDataClass.swift"; sourceTree = "<group>"; };
		38CF94E22509C55000DBA117 /* ObjectiveGoals+CoreDataProperties.swift */ = {isa = PBXFileReference; lastKnownFileType = sourcecode.swift; path = "ObjectiveGoals+CoreDataProperties.swift"; sourceTree = "<group>"; };
		38CF94E32509C55000DBA117 /* Goals+CoreDataClass.swift */ = {isa = PBXFileReference; lastKnownFileType = sourcecode.swift; path = "Goals+CoreDataClass.swift"; sourceTree = "<group>"; };
		38CF94E42509C55000DBA117 /* Goals+CoreDataProperties.swift */ = {isa = PBXFileReference; lastKnownFileType = sourcecode.swift; path = "Goals+CoreDataProperties.swift"; sourceTree = "<group>"; };
		38CF94EF2509C82D00DBA117 /* addingGoalsViewController.swift */ = {isa = PBXFileReference; lastKnownFileType = sourcecode.swift; path = addingGoalsViewController.swift; sourceTree = "<group>"; };
		38CF94F12509C85D00DBA117 /* addingAbstractGoalsViewController.swift */ = {isa = PBXFileReference; lastKnownFileType = sourcecode.swift; path = addingAbstractGoalsViewController.swift; sourceTree = "<group>"; };
		38CF94F32509C86C00DBA117 /* addingObjectiveGoalsViewController.swift */ = {isa = PBXFileReference; lastKnownFileType = sourcecode.swift; path = addingObjectiveGoalsViewController.swift; sourceTree = "<group>"; };
		38CF94F52509C8EA00DBA117 /* AbstractGoalsTableTableViewController.swift */ = {isa = PBXFileReference; lastKnownFileType = sourcecode.swift; path = AbstractGoalsTableTableViewController.swift; sourceTree = "<group>"; };
		38CF94F72509C8FC00DBA117 /* ObjectiveGoalsTableViewController.swift */ = {isa = PBXFileReference; lastKnownFileType = sourcecode.swift; path = ObjectiveGoalsTableViewController.swift; sourceTree = "<group>"; };
		38CF94F9250A1C4000DBA117 /* BucketList+CoreDataClass.swift */ = {isa = PBXFileReference; lastKnownFileType = sourcecode.swift; path = "BucketList+CoreDataClass.swift"; sourceTree = "<group>"; };
		38CF94FA250A1C4000DBA117 /* BucketList+CoreDataProperties.swift */ = {isa = PBXFileReference; lastKnownFileType = sourcecode.swift; path = "BucketList+CoreDataProperties.swift"; sourceTree = "<group>"; };
		38F816B824FF2E5D009BA342 /* notes.strings */ = {isa = PBXFileReference; lastKnownFileType = text.plist.strings; path = notes.strings; sourceTree = "<group>"; };
/* End PBXFileReference section */

/* Begin PBXFrameworksBuildPhase section */
		388FC41B24FEC0AF00DFBFCE /* Frameworks */ = {
			isa = PBXFrameworksBuildPhase;
			buildActionMask = 2147483647;
			files = (
			);
			runOnlyForDeploymentPostprocessing = 0;
		};
/* End PBXFrameworksBuildPhase section */

/* Begin PBXGroup section */
		385022772500B0EE00A379E8 /* Today */ = {
			isa = PBXGroup;
			children = (
				388FC43B24FECD6900DFBFCE /* TodayViewController.swift */,
				38153BE724FED85000908A5D /* CeremonyViewController.swift */,
				385022782500B19A00A379E8 /* CeremonyPrayerViewController.swift */,
				388FC44324FECE7800DFBFCE /* Today.swift */,
			);
			path = Today;
			sourceTree = "<group>";
		};
		388FC41524FEC0AF00DFBFCE = {
			isa = PBXGroup;
			children = (
				388FC42024FEC0AF00DFBFCE /* prototype */,
				388FC41F24FEC0AF00DFBFCE /* Products */,
			);
			sourceTree = "<group>";
		};
		388FC41F24FEC0AF00DFBFCE /* Products */ = {
			isa = PBXGroup;
			children = (
				388FC41E24FEC0AF00DFBFCE /* MJ23.app */,
			);
			name = Products;
			sourceTree = "<group>";
		};
		388FC42024FEC0AF00DFBFCE /* prototype */ = {
			isa = PBXGroup;
			children = (
				388FC42124FEC0AF00DFBFCE /* AppDelegate.swift */,
				388FC42324FEC0AF00DFBFCE /* SceneDelegate.swift */,
				38CF94BB2508545D00DBA117 /* GoalsModel */,
				385022772500B0EE00A379E8 /* Today */,
				38CF94A525037DCB00DBA117 /* Goals */,
				38CF94A625037DD300DBA117 /* SHSF */,
				38CF94A725037DDD00DBA117 /* Additional */,
				388FC42724FEC0AF00DFBFCE /* Main.storyboard */,
				388FC42F24FEC0B000DFBFCE /* Info.plist */,
				388FC42A24FEC0B000DFBFCE /* Assets.xcassets */,
				38F816BA24FF2E79009BA342 /* supportingFiles */,
			);
			path = prototype;
			sourceTree = "<group>";
		};
		38CF94A525037DCB00DBA117 /* Goals */ = {
			isa = PBXGroup;
			children = (
				38CF94AC2508525900DBA117 /* Model.xcdatamodeld */,
				38CF94A82507973B00DBA117 /* GoalsTableViewController.swift */,
				38CF94F52509C8EA00DBA117 /* AbstractGoalsTableTableViewController.swift */,
				38CF94F72509C8FC00DBA117 /* ObjectiveGoalsTableViewController.swift */,
				38CF94EF2509C82D00DBA117 /* addingGoalsViewController.swift */,
				38CF94F12509C85D00DBA117 /* addingAbstractGoalsViewController.swift */,
				38CF94F32509C86C00DBA117 /* addingObjectiveGoalsViewController.swift */,
			);
			path = Goals;
			sourceTree = "<group>";
		};
		38CF94A625037DD300DBA117 /* SHSF */ = {
			isa = PBXGroup;
			children = (
				383FDF312517A0BB008960FC /* AddingQuotes.swift */,
				383FDF2F25175FA7008960FC /* SHSFViewController.swift */,
			);
			path = SHSF;
			sourceTree = "<group>";
		};
		38CF94A725037DDD00DBA117 /* Additional */ = {
			isa = PBXGroup;
			children = (
				38CF94F9250A1C4000DBA117 /* BucketList+CoreDataClass.swift */,
				38CF94FA250A1C4000DBA117 /* BucketList+CoreDataProperties.swift */,
				38AB7A992514E58700A480CE /* AddingQuoteViewController.swift */,
				388FC44124FECDAD00DFBFCE /* AdditionalViewController.swift */,
				388FC44924FECEA800DFBFCE /* Additional.swift */,
				38CF94AA2507C1B300DBA117 /* BucketListViewController.swift */,
				38AB7A952514D62A00A480CE /* NightCeremonySettingViewController.swift */,
				38AB7A972514D63B00A480CE /* MorningCeremonySettingViewController.swift */,
			);
			path = Additional;
			sourceTree = "<group>";
		};
		38CF94BB2508545D00DBA117 /* GoalsModel */ = {
			isa = PBXGroup;
			children = (
				388B1C712517324100A290B0 /* Quote+CoreDataClass.swift */,
				388B1C722517324100A290B0 /* Quote+CoreDataProperties.swift */,
				38CF94DF2509C55000DBA117 /* AbstractGoals+CoreDataClass.swift */,
				38CF94E02509C55000DBA117 /* AbstractGoals+CoreDataProperties.swift */,
				38CF94E12509C55000DBA117 /* ObjectiveGoals+CoreDataClass.swift */,
				38CF94E22509C55000DBA117 /* ObjectiveGoals+CoreDataProperties.swift */,
				38CF94E32509C55000DBA117 /* Goals+CoreDataClass.swift */,
				38CF94E42509C55000DBA117 /* Goals+CoreDataProperties.swift */,
			);
			path = GoalsModel;
			sourceTree = "<group>";
		};
		38F816BA24FF2E79009BA342 /* supportingFiles */ = {
			isa = PBXGroup;
			children = (
				388FC42C24FEC0B000DFBFCE /* LaunchScreen.storyboard */,
				38F816B824FF2E5D009BA342 /* notes.strings */,
			);
			path = supportingFiles;
			sourceTree = "<group>";
		};
/* End PBXGroup section */

/* Begin PBXNativeTarget section */
		388FC41D24FEC0AF00DFBFCE /* prototype */ = {
			isa = PBXNativeTarget;
			buildConfigurationList = 388FC43224FEC0B000DFBFCE /* Build configuration list for PBXNativeTarget "prototype" */;
			buildPhases = (
				388FC41A24FEC0AF00DFBFCE /* Sources */,
				388FC41B24FEC0AF00DFBFCE /* Frameworks */,
				388FC41C24FEC0AF00DFBFCE /* Resources */,
			);
			buildRules = (
			);
			dependencies = (
			);
			name = prototype;
			productName = prototype;
			productReference = 388FC41E24FEC0AF00DFBFCE /* MJ23.app */;
			productType = "com.apple.product-type.application";
		};
/* End PBXNativeTarget section */

/* Begin PBXProject section */
		388FC41624FEC0AF00DFBFCE /* Project object */ = {
			isa = PBXProject;
			attributes = {
				LastSwiftUpdateCheck = 1160;
				LastUpgradeCheck = 1160;
				ORGANIZATIONNAME = "김민준";
				TargetAttributes = {
					388FC41D24FEC0AF00DFBFCE = {
						CreatedOnToolsVersion = 11.6;
					};
				};
			};
			buildConfigurationList = 388FC41924FEC0AF00DFBFCE /* Build configuration list for PBXProject "prototype" */;
			compatibilityVersion = "Xcode 9.3";
			developmentRegion = en;
			hasScannedForEncodings = 0;
			knownRegions = (
				en,
				Base,
			);
			mainGroup = 388FC41524FEC0AF00DFBFCE;
			productRefGroup = 388FC41F24FEC0AF00DFBFCE /* Products */;
			projectDirPath = "";
			projectRoot = "";
			targets = (
				388FC41D24FEC0AF00DFBFCE /* prototype */,
			);
		};
/* End PBXProject section */

/* Begin PBXResourcesBuildPhase section */
		388FC41C24FEC0AF00DFBFCE /* Resources */ = {
			isa = PBXResourcesBuildPhase;
			buildActionMask = 2147483647;
			files = (
				388FC42E24FEC0B000DFBFCE /* LaunchScreen.storyboard in Resources */,
				388FC42B24FEC0B000DFBFCE /* Assets.xcassets in Resources */,
				38F816B924FF2E5D009BA342 /* notes.strings in Resources */,
				388FC42924FEC0AF00DFBFCE /* Main.storyboard in Resources */,
			);
			runOnlyForDeploymentPostprocessing = 0;
		};
/* End PBXResourcesBuildPhase section */

/* Begin PBXSourcesBuildPhase section */
		388FC41A24FEC0AF00DFBFCE /* Sources */ = {
			isa = PBXSourcesBuildPhase;
			buildActionMask = 2147483647;
			files = (
				38AB7A982514D63B00A480CE /* MorningCeremonySettingViewController.swift in Sources */,
				38AB7A9A2514E58700A480CE /* AddingQuoteViewController.swift in Sources */,
				38CF94F62509C8EA00DBA117 /* AbstractGoalsTableTableViewController.swift in Sources */,
				38CF94F22509C85D00DBA117 /* addingAbstractGoalsViewController.swift in Sources */,
				38CF94F42509C86C00DBA117 /* addingObjectiveGoalsViewController.swift in Sources */,
				388FC42224FEC0AF00DFBFCE /* AppDelegate.swift in Sources */,
				38CF94E82509C55000DBA117 /* ObjectiveGoals+CoreDataProperties.swift in Sources */,
				385022792500B19A00A379E8 /* CeremonyPrayerViewController.swift in Sources */,
				38CF94AE2508525900DBA117 /* Model.xcdatamodeld in Sources */,
				388B1C742517324100A290B0 /* Quote+CoreDataProperties.swift in Sources */,
				388FC42424FEC0AF00DFBFCE /* SceneDelegate.swift in Sources */,
				38CF94EA2509C55000DBA117 /* Goals+CoreDataProperties.swift in Sources */,
				38CF94E52509C55000DBA117 /* AbstractGoals+CoreDataClass.swift in Sources */,
				38CF94FC250A1C4000DBA117 /* BucketList+CoreDataProperties.swift in Sources */,
				38CF94E62509C55000DBA117 /* AbstractGoals+CoreDataProperties.swift in Sources */,
				38CF94AB2507C1B300DBA117 /* BucketListViewController.swift in Sources */,
				38CF94E72509C55000DBA117 /* ObjectiveGoals+CoreDataClass.swift in Sources */,
				38CF94F02509C82D00DBA117 /* addingGoalsViewController.swift in Sources */,
				38CF94E92509C55000DBA117 /* Goals+CoreDataClass.swift in Sources */,
				383FDF3025175FA7008960FC /* SHSFViewController.swift in Sources */,
				388FC44A24FECEA800DFBFCE /* Additional.swift in Sources */,
				388FC44224FECDAD00DFBFCE /* AdditionalViewController.swift in Sources */,
				38CF94F82509C8FC00DBA117 /* ObjectiveGoalsTableViewController.swift in Sources */,
				38CF94FB250A1C4000DBA117 /* BucketList+CoreDataClass.swift in Sources */,
				388FC44424FECE7800DFBFCE /* Today.swift in Sources */,
				388FC43C24FECD6900DFBFCE /* TodayViewController.swift in Sources */,
				388B1C732517324100A290B0 /* Quote+CoreDataClass.swift in Sources */,
				38CF94A92507973B00DBA117 /* GoalsTableViewController.swift in Sources */,
				38153BE824FED85000908A5D /* CeremonyViewController.swift in Sources */,
				38AB7A962514D62A00A480CE /* NightCeremonySettingViewController.swift in Sources */,
				383FDF322517A0BB008960FC /* AddingQuotes.swift in Sources */,
			);
			runOnlyForDeploymentPostprocessing = 0;
		};
/* End PBXSourcesBuildPhase section */

/* Begin PBXVariantGroup section */
		388FC42724FEC0AF00DFBFCE /* Main.storyboard */ = {
			isa = PBXVariantGroup;
			children = (
				388FC42824FEC0AF00DFBFCE /* Base */,
			);
			name = Main.storyboard;
			sourceTree = "<group>";
		};
		388FC42C24FEC0B000DFBFCE /* LaunchScreen.storyboard */ = {
			isa = PBXVariantGroup;
			children = (
				388FC42D24FEC0B000DFBFCE /* Base */,
			);
			name = LaunchScreen.storyboard;
			sourceTree = "<group>";
		};
/* End PBXVariantGroup section */

/* Begin XCBuildConfiguration section */
		388FC43024FEC0B000DFBFCE /* Debug */ = {
			isa = XCBuildConfiguration;
			buildSettings = {
				ALWAYS_SEARCH_USER_PATHS = NO;
				CLANG_ANALYZER_NONNULL = YES;
				CLANG_ANALYZER_NUMBER_OBJECT_CONVERSION = YES_AGGRESSIVE;
				CLANG_CXX_LANGUAGE_STANDARD = "gnu++14";
				CLANG_CXX_LIBRARY = "libc++";
				CLANG_ENABLE_MODULES = YES;
				CLANG_ENABLE_OBJC_ARC = YES;
				CLANG_ENABLE_OBJC_WEAK = YES;
				CLANG_WARN_BLOCK_CAPTURE_AUTORELEASING = YES;
				CLANG_WARN_BOOL_CONVERSION = YES;
				CLANG_WARN_COMMA = YES;
				CLANG_WARN_CONSTANT_CONVERSION = YES;
				CLANG_WARN_DEPRECATED_OBJC_IMPLEMENTATIONS = YES;
				CLANG_WARN_DIRECT_OBJC_ISA_USAGE = YES_ERROR;
				CLANG_WARN_DOCUMENTATION_COMMENTS = YES;
				CLANG_WARN_EMPTY_BODY = YES;
				CLANG_WARN_ENUM_CONVERSION = YES;
				CLANG_WARN_INFINITE_RECURSION = YES;
				CLANG_WARN_INT_CONVERSION = YES;
				CLANG_WARN_NON_LITERAL_NULL_CONVERSION = YES;
				CLANG_WARN_OBJC_IMPLICIT_RETAIN_SELF = YES;
				CLANG_WARN_OBJC_LITERAL_CONVERSION = YES;
				CLANG_WARN_OBJC_ROOT_CLASS = YES_ERROR;
				CLANG_WARN_RANGE_LOOP_ANALYSIS = YES;
				CLANG_WARN_STRICT_PROTOTYPES = YES;
				CLANG_WARN_SUSPICIOUS_MOVE = YES;
				CLANG_WARN_UNGUARDED_AVAILABILITY = YES_AGGRESSIVE;
				CLANG_WARN_UNREACHABLE_CODE = YES;
				CLANG_WARN__DUPLICATE_METHOD_MATCH = YES;
				COPY_PHASE_STRIP = NO;
				DEBUG_INFORMATION_FORMAT = dwarf;
				ENABLE_STRICT_OBJC_MSGSEND = YES;
				ENABLE_TESTABILITY = YES;
				GCC_C_LANGUAGE_STANDARD = gnu11;
				GCC_DYNAMIC_NO_PIC = NO;
				GCC_NO_COMMON_BLOCKS = YES;
				GCC_OPTIMIZATION_LEVEL = 0;
				GCC_PREPROCESSOR_DEFINITIONS = (
					"DEBUG=1",
					"$(inherited)",
				);
				GCC_WARN_64_TO_32_BIT_CONVERSION = YES;
				GCC_WARN_ABOUT_RETURN_TYPE = YES_ERROR;
				GCC_WARN_UNDECLARED_SELECTOR = YES;
				GCC_WARN_UNINITIALIZED_AUTOS = YES_AGGRESSIVE;
				GCC_WARN_UNUSED_FUNCTION = YES;
				GCC_WARN_UNUSED_VARIABLE = YES;
				IPHONEOS_DEPLOYMENT_TARGET = 13.6;
				MTL_ENABLE_DEBUG_INFO = INCLUDE_SOURCE;
				MTL_FAST_MATH = YES;
				ONLY_ACTIVE_ARCH = YES;
				SDKROOT = iphoneos;
				SWIFT_ACTIVE_COMPILATION_CONDITIONS = DEBUG;
				SWIFT_OPTIMIZATION_LEVEL = "-Onone";
			};
			name = Debug;
		};
		388FC43124FEC0B000DFBFCE /* Release */ = {
			isa = XCBuildConfiguration;
			buildSettings = {
				ALWAYS_SEARCH_USER_PATHS = NO;
				CLANG_ANALYZER_NONNULL = YES;
				CLANG_ANALYZER_NUMBER_OBJECT_CONVERSION = YES_AGGRESSIVE;
				CLANG_CXX_LANGUAGE_STANDARD = "gnu++14";
				CLANG_CXX_LIBRARY = "libc++";
				CLANG_ENABLE_MODULES = YES;
				CLANG_ENABLE_OBJC_ARC = YES;
				CLANG_ENABLE_OBJC_WEAK = YES;
				CLANG_WARN_BLOCK_CAPTURE_AUTORELEASING = YES;
				CLANG_WARN_BOOL_CONVERSION = YES;
				CLANG_WARN_COMMA = YES;
				CLANG_WARN_CONSTANT_CONVERSION = YES;
				CLANG_WARN_DEPRECATED_OBJC_IMPLEMENTATIONS = YES;
				CLANG_WARN_DIRECT_OBJC_ISA_USAGE = YES_ERROR;
				CLANG_WARN_DOCUMENTATION_COMMENTS = YES;
				CLANG_WARN_EMPTY_BODY = YES;
				CLANG_WARN_ENUM_CONVERSION = YES;
				CLANG_WARN_INFINITE_RECURSION = YES;
				CLANG_WARN_INT_CONVERSION = YES;
				CLANG_WARN_NON_LITERAL_NULL_CONVERSION = YES;
				CLANG_WARN_OBJC_IMPLICIT_RETAIN_SELF = YES;
				CLANG_WARN_OBJC_LITERAL_CONVERSION = YES;
				CLANG_WARN_OBJC_ROOT_CLASS = YES_ERROR;
				CLANG_WARN_RANGE_LOOP_ANALYSIS = YES;
				CLANG_WARN_STRICT_PROTOTYPES = YES;
				CLANG_WARN_SUSPICIOUS_MOVE = YES;
				CLANG_WARN_UNGUARDED_AVAILABILITY = YES_AGGRESSIVE;
				CLANG_WARN_UNREACHABLE_CODE = YES;
				CLANG_WARN__DUPLICATE_METHOD_MATCH = YES;
				COPY_PHASE_STRIP = NO;
				DEBUG_INFORMATION_FORMAT = "dwarf-with-dsym";
				ENABLE_NS_ASSERTIONS = NO;
				ENABLE_STRICT_OBJC_MSGSEND = YES;
				GCC_C_LANGUAGE_STANDARD = gnu11;
				GCC_NO_COMMON_BLOCKS = YES;
				GCC_WARN_64_TO_32_BIT_CONVERSION = YES;
				GCC_WARN_ABOUT_RETURN_TYPE = YES_ERROR;
				GCC_WARN_UNDECLARED_SELECTOR = YES;
				GCC_WARN_UNINITIALIZED_AUTOS = YES_AGGRESSIVE;
				GCC_WARN_UNUSED_FUNCTION = YES;
				GCC_WARN_UNUSED_VARIABLE = YES;
				IPHONEOS_DEPLOYMENT_TARGET = 13.6;
				MTL_ENABLE_DEBUG_INFO = NO;
				MTL_FAST_MATH = YES;
				SDKROOT = iphoneos;
				SWIFT_COMPILATION_MODE = wholemodule;
				SWIFT_OPTIMIZATION_LEVEL = "-O";
				VALIDATE_PRODUCT = YES;
			};
			name = Release;
		};
		388FC43324FEC0B000DFBFCE /* Debug */ = {
			isa = XCBuildConfiguration;
			buildSettings = {
				ASSETCATALOG_COMPILER_APPICON_NAME = AppIcon;
				CODE_SIGN_STYLE = Automatic;
				DEVELOPMENT_TEAM = W2G68AL867;
				INFOPLIST_FILE = prototype/Info.plist;
				LD_RUNPATH_SEARCH_PATHS = (
					"$(inherited)",
					"@executable_path/Frameworks",
				);
				PRODUCT_BUNDLE_IDENTIFIER = MJ11.prototype;
				PRODUCT_NAME = MJ23;
				SWIFT_VERSION = 5.0;
				TARGETED_DEVICE_FAMILY = "1,2";
			};
			name = Debug;
		};
		388FC43424FEC0B000DFBFCE /* Release */ = {
			isa = XCBuildConfiguration;
			buildSettings = {
				ASSETCATALOG_COMPILER_APPICON_NAME = AppIcon;
				CODE_SIGN_STYLE = Automatic;
				DEVELOPMENT_TEAM = W2G68AL867;
				INFOPLIST_FILE = prototype/Info.plist;
				LD_RUNPATH_SEARCH_PATHS = (
					"$(inherited)",
					"@executable_path/Frameworks",
				);
				PRODUCT_BUNDLE_IDENTIFIER = MJ11.prototype;
				PRODUCT_NAME = MJ23;
				SWIFT_VERSION = 5.0;
				TARGETED_DEVICE_FAMILY = "1,2";
			};
			name = Release;
		};
/* End XCBuildConfiguration section */

/* Begin XCConfigurationList section */
		388FC41924FEC0AF00DFBFCE /* Build configuration list for PBXProject "prototype" */ = {
			isa = XCConfigurationList;
			buildConfigurations = (
				388FC43024FEC0B000DFBFCE /* Debug */,
				388FC43124FEC0B000DFBFCE /* Release */,
			);
			defaultConfigurationIsVisible = 0;
			defaultConfigurationName = Release;
		};
		388FC43224FEC0B000DFBFCE /* Build configuration list for PBXNativeTarget "prototype" */ = {
			isa = XCConfigurationList;
			buildConfigurations = (
				388FC43324FEC0B000DFBFCE /* Debug */,
				388FC43424FEC0B000DFBFCE /* Release */,
			);
			defaultConfigurationIsVisible = 0;
			defaultConfigurationName = Release;
		};
/* End XCConfigurationList section */

/* Begin XCVersionGroup section */
		38CF94AC2508525900DBA117 /* Model.xcdatamodeld */ = {
			isa = XCVersionGroup;
			children = (
				38CF94AD2508525900DBA117 /* Model.xcdatamodel */,
			);
			currentVersion = 38CF94AD2508525900DBA117 /* Model.xcdatamodel */;
			path = Model.xcdatamodeld;
			sourceTree = "<group>";
			versionGroupType = wrapper.xcdatamodel;
		};
/* End XCVersionGroup section */
	};
	rootObject = 388FC41624FEC0AF00DFBFCE /* Project object */;
}
